// !$*UTF8*$!
{
	archiveVersion = 1;
	classes = {
	};
	objectVersion = 46;
	objects = {

/* Begin PBXBuildFile section */
		1C11DD121DDB05BD00D7DB19 /* main.m in Sources */ = {isa = PBXBuildFile; fileRef = 1C11DD111DDB05BD00D7DB19 /* main.m */; };
		1C11DD151DDB05BD00D7DB19 /* AppDelegate.m in Sources */ = {isa = PBXBuildFile; fileRef = 1C11DD141DDB05BD00D7DB19 /* AppDelegate.m */; };
		1C11DD181DDB05BD00D7DB19 /* ViewController.m in Sources */ = {isa = PBXBuildFile; fileRef = 1C11DD171DDB05BD00D7DB19 /* ViewController.m */; };
		1C11DD1B1DDB05BD00D7DB19 /* Main.storyboard in Resources */ = {isa = PBXBuildFile; fileRef = 1C11DD191DDB05BD00D7DB19 /* Main.storyboard */; };
		1C11DD1D1DDB05BD00D7DB19 /* Assets.xcassets in Resources */ = {isa = PBXBuildFile; fileRef = 1C11DD1C1DDB05BD00D7DB19 /* Assets.xcassets */; };
		1C11DD201DDB05BD00D7DB19 /* LaunchScreen.storyboard in Resources */ = {isa = PBXBuildFile; fileRef = 1C11DD1E1DDB05BD00D7DB19 /* LaunchScreen.storyboard */; };
		1C11DD281DDB0BE800D7DB19 /* JSPatchPlatform.framework in Frameworks */ = {isa = PBXBuildFile; fileRef = 1C11DD271DDB0BE700D7DB19 /* JSPatchPlatform.framework */; };
		1C11DD2A1DDB0C0600D7DB19 /* libz.tbd in Frameworks */ = {isa = PBXBuildFile; fileRef = 1C11DD291DDB0C0600D7DB19 /* libz.tbd */; };
		1C11DD2C1DDB0F5A00D7DB19 /* main.js in Resources */ = {isa = PBXBuildFile; fileRef = 1C11DD2B1DDB0F5A00D7DB19 /* main.js */; };
		8148358DED0F7853A6CF4FD3 /* libPods-JPatchTest.a in Frameworks */ = {isa = PBXBuildFile; fileRef = 7BD009839E39700A12F76DD6 /* libPods-JPatchTest.a */; };
/* End PBXBuildFile section */

/* Begin PBXFileReference section */
		1C11DD0D1DDB05BD00D7DB19 /* JPatchTest.app */ = {isa = PBXFileReference; explicitFileType = wrapper.application; includeInIndex = 0; path = JPatchTest.app; sourceTree = BUILT_PRODUCTS_DIR; };
		1C11DD111DDB05BD00D7DB19 /* main.m */ = {isa = PBXFileReference; lastKnownFileType = sourcecode.c.objc; path = main.m; sourceTree = "<group>"; };
		1C11DD131DDB05BD00D7DB19 /* AppDelegate.h */ = {isa = PBXFileReference; lastKnownFileType = sourcecode.c.h; path = AppDelegate.h; sourceTree = "<group>"; };
		1C11DD141DDB05BD00D7DB19 /* AppDelegate.m */ = {isa = PBXFileReference; lastKnownFileType = sourcecode.c.objc; path = AppDelegate.m; sourceTree = "<group>"; };
		1C11DD161DDB05BD00D7DB19 /* ViewController.h */ = {isa = PBXFileReference; lastKnownFileType = sourcecode.c.h; path = ViewController.h; sourceTree = "<group>"; };
		1C11DD171DDB05BD00D7DB19 /* ViewController.m */ = {isa = PBXFileReference; lastKnownFileType = sourcecode.c.objc; path = ViewController.m; sourceTree = "<group>"; };
		1C11DD1A1DDB05BD00D7DB19 /* Base */ = {isa = PBXFileReference; lastKnownFileType = file.storyboard; name = Base; path = Base.lproj/Main.storyboard; sourceTree = "<group>"; };
		1C11DD1C1DDB05BD00D7DB19 /* Assets.xcassets */ = {isa = PBXFileReference; lastKnownFileType = folder.assetcatalog; path = Assets.xcassets; sourceTree = "<group>"; };
		1C11DD1F1DDB05BD00D7DB19 /* Base */ = {isa = PBXFileReference; lastKnownFileType = file.storyboard; name = Base; path = Base.lproj/LaunchScreen.storyboard; sourceTree = "<group>"; };
		1C11DD211DDB05BD00D7DB19 /* Info.plist */ = {isa = PBXFileReference; lastKnownFileType = text.plist.xml; path = Info.plist; sourceTree = "<group>"; };
		1C11DD271DDB0BE700D7DB19 /* JSPatchPlatform.framework */ = {isa = PBXFileReference; lastKnownFileType = wrapper.framework; name = JSPatchPlatform.framework; path = JPatchTest/JSPatchPlatform.framework; sourceTree = "<group>"; };
		1C11DD291DDB0C0600D7DB19 /* libz.tbd */ = {isa = PBXFileReference; lastKnownFileType = "sourcecode.text-based-dylib-definition"; name = libz.tbd; path = usr/lib/libz.tbd; sourceTree = SDKROOT; };
		1C11DD2B1DDB0F5A00D7DB19 /* main.js */ = {isa = PBXFileReference; fileEncoding = 4; lastKnownFileType = sourcecode.javascript; path = main.js; sourceTree = "<group>"; };
		7528198821B3F51712AC7C99 /* Pods-JPatchTest.debug.xcconfig */ = {isa = PBXFileReference; includeInIndex = 1; lastKnownFileType = text.xcconfig; name = "Pods-JPatchTest.debug.xcconfig"; path = "Pods/Target Support Files/Pods-JPatchTest/Pods-JPatchTest.debug.xcconfig"; sourceTree = "<group>"; };
		7BD009839E39700A12F76DD6 /* libPods-JPatchTest.a */ = {isa = PBXFileReference; explicitFileType = archive.ar; includeInIndex = 0; path = "libPods-JPatchTest.a"; sourceTree = BUILT_PRODUCTS_DIR; };
		E88C6C5241EFD82370EFF9DD /* Pods-JPatchTest.release.xcconfig */ = {isa = PBXFileReference; includeInIndex = 1; lastKnownFileType = text.xcconfig; name = "Pods-JPatchTest.release.xcconfig"; path = "Pods/Target Support Files/Pods-JPatchTest/Pods-JPatchTest.release.xcconfig"; sourceTree = "<group>"; };
/* End PBXFileReference section */

/* Begin PBXFrameworksBuildPhase section */
		1C11DD0A1DDB05BD00D7DB19 /* Frameworks */ = {
			isa = PBXFrameworksBuildPhase;
			buildActionMask = 2147483647;
			files = (
				1C11DD2A1DDB0C0600D7DB19 /* libz.tbd in Frameworks */,
				8148358DED0F7853A6CF4FD3 /* libPods-JPatchTest.a in Frameworks */,
				1C11DD281DDB0BE800D7DB19 /* JSPatchPlatform.framework in Frameworks */,
			);
			runOnlyForDeploymentPostprocessing = 0;
		};
/* End PBXFrameworksBuildPhase section */

/* Begin PBXGroup section */
		1573B2BD76B2A38BA2FB3929 /* Frameworks */ = {
			isa = PBXGroup;
			children = (
				1C11DD291DDB0C0600D7DB19 /* libz.tbd */,
				1C11DD271DDB0BE700D7DB19 /* JSPatchPlatform.framework */,
				7BD009839E39700A12F76DD6 /* libPods-JPatchTest.a */,
			);
			name = Frameworks;
			sourceTree = "<group>";
		};
		1C11DD041DDB05BD00D7DB19 = {
			isa = PBXGroup;
			children = (
				1C11DD0F1DDB05BD00D7DB19 /* JPatchTest */,
				1C11DD0E1DDB05BD00D7DB19 /* Products */,
				EC46FC1C293465A2D61B673A /* Pods */,
				1573B2BD76B2A38BA2FB3929 /* Frameworks */,
			);
			sourceTree = "<group>";
		};
		1C11DD0E1DDB05BD00D7DB19 /* Products */ = {
			isa = PBXGroup;
			children = (
				1C11DD0D1DDB05BD00D7DB19 /* JPatchTest.app */,
			);
			name = Products;
			sourceTree = "<group>";
		};
		1C11DD0F1DDB05BD00D7DB19 /* JPatchTest */ = {
			isa = PBXGroup;
			children = (
				1C11DD2B1DDB0F5A00D7DB19 /* main.js */,
				1C11DD131DDB05BD00D7DB19 /* AppDelegate.h */,
				1C11DD141DDB05BD00D7DB19 /* AppDelegate.m */,
				1C11DD161DDB05BD00D7DB19 /* ViewController.h */,
				1C11DD171DDB05BD00D7DB19 /* ViewController.m */,
				1C11DD191DDB05BD00D7DB19 /* Main.storyboard */,
				1C11DD1C1DDB05BD00D7DB19 /* Assets.xcassets */,
				1C11DD1E1DDB05BD00D7DB19 /* LaunchScreen.storyboard */,
				1C11DD211DDB05BD00D7DB19 /* Info.plist */,
				1C11DD101DDB05BD00D7DB19 /* Supporting Files */,
			);
			path = JPatchTest;
			sourceTree = "<group>";
		};
		1C11DD101DDB05BD00D7DB19 /* Supporting Files */ = {
			isa = PBXGroup;
			children = (
				1C11DD111DDB05BD00D7DB19 /* main.m */,
			);
			name = "Supporting Files";
			sourceTree = "<group>";
		};
		EC46FC1C293465A2D61B673A /* Pods */ = {
			isa = PBXGroup;
			children = (
				7528198821B3F51712AC7C99 /* Pods-JPatchTest.debug.xcconfig */,
				E88C6C5241EFD82370EFF9DD /* Pods-JPatchTest.release.xcconfig */,
			);
			name = Pods;
			sourceTree = "<group>";
		};
/* End PBXGroup section */

/* Begin PBXNativeTarget section */
		1C11DD0C1DDB05BD00D7DB19 /* JPatchTest */ = {
			isa = PBXNativeTarget;
			buildConfigurationList = 1C11DD241DDB05BD00D7DB19 /* Build configuration list for PBXNativeTarget "JPatchTest" */;
			buildPhases = (
				41A8FDF375624A357F8684B6 /* [CP] Check Pods Manifest.lock */,
				1C11DD091DDB05BD00D7DB19 /* Sources */,
				1C11DD0A1DDB05BD00D7DB19 /* Frameworks */,
				1C11DD0B1DDB05BD00D7DB19 /* Resources */,
				89DD430660205A046B1A7140 /* [CP] Embed Pods Frameworks */,
				0053620D9136F3C7C5EBE08A /* [CP] Copy Pods Resources */,
			);
			buildRules = (
			);
			dependencies = (
			);
			name = JPatchTest;
			productName = JPatchTest;
			productReference = 1C11DD0D1DDB05BD00D7DB19 /* JPatchTest.app */;
			productType = "com.apple.product-type.application";
		};
/* End PBXNativeTarget section */

/* Begin PBXProject section */
		1C11DD051DDB05BD00D7DB19 /* Project object */ = {
			isa = PBXProject;
			attributes = {
				LastUpgradeCheck = 0810;
				ORGANIZATIONNAME = xubojoy;
				TargetAttributes = {
					1C11DD0C1DDB05BD00D7DB19 = {
						CreatedOnToolsVersion = 8.1;
						DevelopmentTeam = 475AM2DC65;
						ProvisioningStyle = Automatic;
					};
				};
			};
			buildConfigurationList = 1C11DD081DDB05BD00D7DB19 /* Build configuration list for PBXProject "JPatchTest" */;
			compatibilityVersion = "Xcode 3.2";
			developmentRegion = English;
			hasScannedForEncodings = 0;
			knownRegions = (
				en,
				Base,
			);
			mainGroup = 1C11DD041DDB05BD00D7DB19;
			productRefGroup = 1C11DD0E1DDB05BD00D7DB19 /* Products */;
			projectDirPath = "";
			projectRoot = "";
			targets = (
				1C11DD0C1DDB05BD00D7DB19 /* JPatchTest */,
			);
		};
/* End PBXProject section */

/* Begin PBXResourcesBuildPhase section */
		1C11DD0B1DDB05BD00D7DB19 /* Resources */ = {
			isa = PBXResourcesBuildPhase;
			buildActionMask = 2147483647;
			files = (
				1C11DD201DDB05BD00D7DB19 /* LaunchScreen.storyboard in Resources */,
				1C11DD1D1DDB05BD00D7DB19 /* Assets.xcassets in Resources */,
				1C11DD1B1DDB05BD00D7DB19 /* Main.storyboard in Resources */,
				1C11DD2C1DDB0F5A00D7DB19 /* main.js in Resources */,
			);
			runOnlyForDeploymentPostprocessing = 0;
		};
/* End PBXResourcesBuildPhase section */

/* Begin PBXShellScriptBuildPhase section */
		0053620D9136F3C7C5EBE08A /* [CP] Copy Pods Resources */ = {
			isa = PBXShellScriptBuildPhase;
			buildActionMask = 2147483647;
			files = (
			);
			inputPaths = (
			);
			name = "[CP] Copy Pods Resources";
			outputPaths = (
			);
			runOnlyForDeploymentPostprocessing = 0;
			shellPath = /bin/sh;
			shellScript = "\"${SRCROOT}/Pods/Target Support Files/Pods-JPatchTest/Pods-JPatchTest-resources.sh\"\n";
			showEnvVarsInLog = 0;
		};
		41A8FDF375624A357F8684B6 /* [CP] Check Pods Manifest.lock */ = {
			isa = PBXShellScriptBuildPhase;
			buildActionMask = 2147483647;
			files = (
			);
			inputPaths = (
			);
			name = "[CP] Check Pods Manifest.lock";
			outputPaths = (
			);
			runOnlyForDeploymentPostprocessing = 0;
			shellPath = /bin/sh;
			shellScript = "diff \"${PODS_ROOT}/../Podfile.lock\" \"${PODS_ROOT}/Manifest.lock\" > /dev/null\nif [ $? != 0 ] ; then\n    # print error to STDERR\n    echo \"error: The sandbox is not in sync with the Podfile.lock. Run 'pod install' or update your CocoaPods installation.\" >&2\n    exit 1\nfi\n";
			showEnvVarsInLog = 0;
		};
		89DD430660205A046B1A7140 /* [CP] Embed Pods Frameworks */ = {
			isa = PBXShellScriptBuildPhase;
			buildActionMask = 2147483647;
			files = (
			);
			inputPaths = (
			);
			name = "[CP] Embed Pods Frameworks";
			outputPaths = (
			);
			runOnlyForDeploymentPostprocessing = 0;
			shellPath = /bin/sh;
			shellScript = "\"${SRCROOT}/Pods/Target Support Files/Pods-JPatchTest/Pods-JPatchTest-frameworks.sh\"\n";
			showEnvVarsInLog = 0;
		};
/* End PBXShellScriptBuildPhase section */

/* Begin PBXSourcesBuildPhase section */
		1C11DD091DDB05BD00D7DB19 /* Sources */ = {
			isa = PBXSourcesBuildPhase;
			buildActionMask = 2147483647;
			files = (
				1C11DD181DDB05BD00D7DB19 /* ViewController.m in Sources */,
				1C11DD151DDB05BD00D7DB19 /* AppDelegate.m in Sources */,
				1C11DD121DDB05BD00D7DB19 /* main.m in Sources */,
			);
			runOnlyForDeploymentPostprocessing = 0;
		};
/* End PBXSourcesBuildPhase section */

/* Begin PBXVariantGroup section */
		1C11DD191DDB05BD00D7DB19 /* Main.storyboard */ = {
			isa = PBXVariantGroup;
			children = (
				1C11DD1A1DDB05BD00D7DB19 /* Base */,
			);
			name = Main.storyboard;
			sourceTree = "<group>";
		};
		1C11DD1E1DDB05BD00D7DB19 /* LaunchScreen.storyboard */ = {
			isa = PBXVariantGroup;
			children = (
				1C11DD1F1DDB05BD00D7DB19 /* Base */,
			);
			name = LaunchScreen.storyboard;
			sourceTree = "<group>";
		};
/* End PBXVariantGroup section */

/* Begin XCBuildConfiguration section */
		1C11DD221DDB05BD00D7DB19 /* Debug */ = {
			isa = XCBuildConfiguration;
			buildSettings = {
				ALWAYS_SEARCH_USER_PATHS = NO;
				CLANG_ANALYZER_NONNULL = YES;
				CLANG_CXX_LANGUAGE_STANDARD = "gnu++0x";
				CLANG_CXX_LIBRARY = "libc++";
				CLANG_ENABLE_MODULES = YES;
				CLANG_ENABLE_OBJC_ARC = YES;
				CLANG_WARN_BOOL_CONVERSION = YES;
				CLANG_WARN_CONSTANT_CONVERSION = YES;
				CLANG_WARN_DIRECT_OBJC_ISA_USAGE = YES_ERROR;
				CLANG_WARN_DOCUMENTATION_COMMENTS = YES;
				CLANG_WARN_EMPTY_BODY = YES;
				CLANG_WARN_ENUM_CONVERSION = YES;
				CLANG_WARN_INFINITE_RECURSION = YES;
				CLANG_WARN_INT_CONVERSION = YES;
				CLANG_WARN_OBJC_ROOT_CLASS = YES_ERROR;
				CLANG_WARN_SUSPICIOUS_MOVES = YES;
				CLANG_WARN_UNREACHABLE_CODE = YES;
				CLANG_WARN__DUPLICATE_METHOD_MATCH = YES;
				"CODE_SIGN_IDENTITY[sdk=iphoneos*]" = "iPhone Developer";
				COPY_PHASE_STRIP = NO;
				DEBUG_INFORMATION_FORMAT = dwarf;
				ENABLE_STRICT_OBJC_MSGSEND = YES;
				ENABLE_TESTABILITY = YES;
				GCC_C_LANGUAGE_STANDARD = gnu99;
				GCC_DYNAMIC_NO_PIC = NO;
				GCC_NO_COMMON_BLOCKS = YES;
				GCC_OPTIMIZATION_LEVEL = 0;
				GCC_PREPROCESSOR_DEFINITIONS = (
					"DEBUG=1",
					"$(inherited)",
				);
				GCC_WARN_64_TO_32_BIT_CONVERSION = YES;
				GCC_WARN_ABOUT_RETURN_TYPE = YES_ERROR;
				GCC_WARN_UNDECLARED_SELECTOR = YES;
				GCC_WARN_UNINITIALIZED_AUTOS = YES_AGGRESSIVE;
				GCC_WARN_UNUSED_FUNCTION = YES;
				GCC_WARN_UNUSED_VARIABLE = YES;
				IPHONEOS_DEPLOYMENT_TARGET = 10.1;
				MTL_ENABLE_DEBUG_INFO = YES;
				ONLY_ACTIVE_ARCH = YES;
				SDKROOT = iphoneos;
			};
			name = Debug;
		};
		1C11DD231DDB05BD00D7DB19 /* Release */ = {
			isa = XCBuildConfiguration;
			buildSettings = {
				ALWAYS_SEARCH_USER_PATHS = NO;
				CLANG_ANALYZER_NONNULL = YES;
				CLANG_CXX_LANGUAGE_STANDARD = "gnu++0x";
				CLANG_CXX_LIBRARY = "libc++";
				CLANG_ENABLE_MODULES = YES;
				CLANG_ENABLE_OBJC_ARC = YES;
				CLANG_WARN_BOOL_CONVERSION = YES;
				CLANG_WARN_CONSTANT_CONVERSION = YES;
				CLANG_WARN_DIRECT_OBJC_ISA_USAGE = YES_ERROR;
				CLANG_WARN_DOCUMENTATION_COMMENTS = YES;
				CLANG_WARN_EMPTY_BODY = YES;
				CLANG_WARN_ENUM_CONVERSION = YES;
				CLANG_WARN_INFINITE_RECURSION = YES;
				CLANG_WARN_INT_CONVERSION = YES;
				CLANG_WARN_OBJC_ROOT_CLASS = YES_ERROR;
				CLANG_WARN_SUSPICIOUS_MOVES = YES;
				CLANG_WARN_UNREACHABLE_CODE = YES;
				CLANG_WARN__DUPLICATE_METHOD_MATCH = YES;
				"CODE_SIGN_IDENTITY[sdk=iphoneos*]" = "iPhone Developer";
				COPY_PHASE_STRIP = NO;
				DEBUG_INFORMATION_FORMAT = "dwarf-with-dsym";
				ENABLE_NS_ASSERTIONS = NO;
				ENABLE_STRICT_OBJC_MSGSEND = YES;
				GCC_C_LANGUAGE_STANDARD = gnu99;
				GCC_NO_COMMON_BLOCKS = YES;
				GCC_WARN_64_TO_32_BIT_CONVERSION = YES;
				GCC_WARN_ABOUT_RETURN_TYPE = YES_ERROR;
				GCC_WARN_UNDECLARED_SELECTOR = YES;
				GCC_WARN_UNINITIALIZED_AUTOS = YES_AGGRESSIVE;
				GCC_WARN_UNUSED_FUNCTION = YES;
				GCC_WARN_UNUSED_VARIABLE = YES;
				IPHONEOS_DEPLOYMENT_TARGET = 10.1;
				MTL_ENABLE_DEBUG_INFO = NO;
				SDKROOT = iphoneos;
				VALIDATE_PRODUCT = YES;
			};
			name = Release;
		};
		1C11DD251DDB05BD00D7DB19 /* Debug */ = {
			isa = XCBuildConfiguration;
			baseConfigurationReference = 7528198821B3F51712AC7C99 /* Pods-JPatchTest.debug.xcconfig */;
			buildSettings = {
				ASSETCATALOG_COMPILER_APPICON_NAME = AppIcon;
				DEVELOPMENT_TEAM = 475AM2DC65;
				FRAMEWORK_SEARCH_PATHS = (
					"$(inherited)",
					"$(PROJECT_DIR)/JPatchTest",
				);
				INFOPLIST_FILE = JPatchTest/Info.plist;
				LD_RUNPATH_SEARCH_PATHS = "$(inherited) @executable_path/Frameworks";
				PRODUCT_BUNDLE_IDENTIFIER = com.golfd.JPatchTest;
				PRODUCT_NAME = "$(TARGET_NAME)";
			};
			name = Debug;
		};
		1C11DD261DDB05BD00D7DB19 /* Release */ = {
			isa = XCBuildConfiguration;
			baseConfigurationReference = E88C6C5241EFD82370EFF9DD /* Pods-JPatchTest.release.xcconfig */;
			buildSettings = {
				ASSETCATALOG_COMPILER_APPICON_NAME = AppIcon;
				DEVELOPMENT_TEAM = 475AM2DC65;
				FRAMEWORK_SEARCH_PATHS = (
					"$(inherited)",
					"$(PROJECT_DIR)/JPatchTest",
				);
				INFOPLIST_FILE = JPatchTest/Info.plist;
				LD_RUNPATH_SEARCH_PATHS = "$(inherited) @executable_path/Frameworks";
				PRODUCT_BUNDLE_IDENTIFIER = com.golfd.JPatchTest;
				PRODUCT_NAME = "$(TARGET_NAME)";
			};
			name = Release;
		};
/* End XCBuildConfiguration section */

/* Begin XCConfigurationList section */
		1C11DD081DDB05BD00D7DB19 /* Build configuration list for PBXProject "JPatchTest" */ = {
			isa = XCConfigurationList;
			buildConfigurations = (
				1C11DD221DDB05BD00D7DB19 /* Debug */,
				1C11DD231DDB05BD00D7DB19 /* Release */,
			);
			defaultConfigurationIsVisible = 0;
			defaultConfigurationName = Release;
		};
		1C11DD241DDB05BD00D7DB19 /* Build configuration list for PBXNativeTarget "JPatchTest" */ = {
			isa = XCConfigurationList;
			buildConfigurations = (
				1C11DD251DDB05BD00D7DB19 /* Debug */,
				1C11DD261DDB05BD00D7DB19 /* Release */,
			);
			defaultConfigurationIsVisible = 0;
			defaultConfigurationName = Release;
		};
/* End XCConfigurationList section */
	};
	rootObject = 1C11DD051DDB05BD00D7DB19 /* Project object */;
}
